
Microsoft Visual Studio Solution File, Format Version 11.00
# Visual Studio 2010
Project("{FAE04EC0-301F-11D3-BF4B-00C04F79EFBC}") = "FORMATEC", "FORMATEC\FORMATEC.csproj", "{BFC14226-716D-4BC2-8987-57FA09B3BC5F}"
EndProject
Project("{54435603-DBB4-11D2-8724-00A0C9A8B90C}") = "Setup1", "Setup1\Setup1.vdproj", "{A49CE75F-7C04-4CDC-9665-145788D94891}"
EndProject
Global
	GlobalSection(SolutionConfigurationPlatforms) = preSolution
		Debug|x86 = Debug|x86
		Release|x86 = Release|x86
	EndGlobalSection
	GlobalSection(ProjectConfigurationPlatforms) = postSolution
		{BFC14226-716D-4BC2-8987-57FA09B3BC5F}.Debug|x86.ActiveCfg = Debug|x86
		{BFC14226-716D-4BC2-8987-57FA09B3BC5F}.Debug|x86.Build.0 = Debug|x86
		{BFC14226-716D-4BC2-8987-57FA09B3BC5F}.Release|x86.ActiveCfg = Release|x86
		{BFC14226-716D-4BC2-8987-57FA09B3BC5F}.Release|x86.Build.0 = Release|x86
		{A49CE75F-7C04-4CDC-9665-145788D94891}.Debug|x86.ActiveCfg = Debug
		{A49CE75F-7C04-4CDC-9665-145788D94891}.Release|x86.ActiveCfg = Release
	EndGlobalSection
	GlobalSection(SolutionProperties) = preSolution
		HideSolutionNode = FALSE
	EndGlobalSection
EndGlobal
